
Microsoft Visual Studio Solution File, Format Version 12.00
# Visual Studio Version 17
VisualStudioVersion = 17.11.35303.130
MinimumVisualStudioVersion = 10.0.40219.1
Project("{FAE04EC0-301F-11D3-BF4B-00C04F79EFBC}") = "Converter_Winforms", "Converter_Winforms\Converter_Winforms.csproj", "{84EEB341-1D12-4E85-9560-4DEEB2572E0C}"
EndProject
Global
	GlobalSection(SolutionConfigurationPlatforms) = preSolution
		Debug|Any CPU = Debug|Any CPU
		Release|Any CPU = Release|Any CPU
	EndGlobalSection
	GlobalSection(ProjectConfigurationPlatforms) = postSolution
		{84EEB341-1D12-4E85-9560-4DEEB2572E0C}.Debug|Any CPU.ActiveCfg = Debug|Any CPU
		{84EEB341-1D12-4E85-9560-4DEEB2572E0C}.Debug|Any CPU.Build.0 = Debug|Any CPU
		{84EEB341-1D12-4E85-9560-4DEEB2572E0C}.Release|Any CPU.ActiveCfg = Release|Any CPU
		{84EEB341-1D12-4E85-9560-4DEEB2572E0C}.Release|Any CPU.Build.0 = Release|Any CPU
	EndGlobalSection
	GlobalSection(SolutionProperties) = preSolution
		HideSolutionNode = FALSE
	EndGlobalSection
	GlobalSection(ExtensibilityGlobals) = postSolution
		SolutionGuid = {BB052EEB-AB30-4DB1-9152-BE33693FBE7F}
	EndGlobalSection
EndGlobal
